
Microsoft Visual Studio Solution File, Format Version 12.00
# Visual Studio Version 16
VisualStudioVersion = 16.0.31105.61
MinimumVisualStudioVersion = 10.0.40219.1
Project("{8BC9CEB8-8B4A-11D0-8D11-00A0C91BC942}") = "NGP_01", "NGP_01.vcxproj", "{34C55F0A-B8C4-47C6-90ED-35F5D02C02EB}"
EndProject
Project("{8BC9CEB8-8B4A-11D0-8D11-00A0C91BC942}") = "NGP_02", "..\NGP_02\NGP_02.vcxproj", "{32589D08-3A39-4F6B-A5AA-6BEF9254F688}"
EndProject
Project("{8BC9CEB8-8B4A-11D0-8D11-00A0C91BC942}") = "NGP_03", "..\NGP_03\NGP_03.vcxproj", "{D8E6105B-5D4F-4AE6-8BC8-5465E888EE24}"
EndProject
Project("{8BC9CEB8-8B4A-11D0-8D11-00A0C91BC942}") = "NGP_04", "..\NGP_04\NGP_04.vcxproj", "{BEF6F95C-30AC-46C9-B55B-1ABAE122835A}"
EndProject
Project("{8BC9CEB8-8B4A-11D0-8D11-00A0C91BC942}") = "NGP_04(2)", "..\NGP_04(2)\NGP_04(2).vcxproj", "{59FB7844-8125-4FA9-BA6D-5D4754E50B61}"
EndProject
Global
	GlobalSection(SolutionConfigurationPlatforms) = preSolution
		Debug|x64 = Debug|x64
		Debug|x86 = Debug|x86
		Release|x64 = Release|x64
		Release|x86 = Release|x86
	EndGlobalSection
	GlobalSection(ProjectConfigurationPlatforms) = postSolution
		{34C55F0A-B8C4-47C6-90ED-35F5D02C02EB}.Debug|x64.ActiveCfg = Debug|x64
		{34C55F0A-B8C4-47C6-90ED-35F5D02C02EB}.Debug|x64.Build.0 = Debug|x64
		{34C55F0A-B8C4-47C6-90ED-35F5D02C02EB}.Debug|x86.ActiveCfg = Debug|Win32
		{34C55F0A-B8C4-47C6-90ED-35F5D02C02EB}.Debug|x86.Build.0 = Debug|Win32
		{34C55F0A-B8C4-47C6-90ED-35F5D02C02EB}.Release|x64.ActiveCfg = Release|x64
		{34C55F0A-B8C4-47C6-90ED-35F5D02C02EB}.Release|x64.Build.0 = Release|x64
		{34C55F0A-B8C4-47C6-90ED-35F5D02C02EB}.Release|x86.ActiveCfg = Release|Win32
		{34C55F0A-B8C4-47C6-90ED-35F5D02C02EB}.Release|x86.Build.0 = Release|Win32
		{32589D08-3A39-4F6B-A5AA-6BEF9254F688}.Debug|x64.ActiveCfg = Debug|x64
		{32589D08-3A39-4F6B-A5AA-6BEF9254F688}.Debug|x64.Build.0 = Debug|x64
		{32589D08-3A39-4F6B-A5AA-6BEF9254F688}.Debug|x86.ActiveCfg = Debug|Win32
		{32589D08-3A39-4F6B-A5AA-6BEF9254F688}.Debug|x86.Build.0 = Debug|Win32
		{32589D08-3A39-4F6B-A5AA-6BEF9254F688}.Release|x64.ActiveCfg = Release|x64
		{32589D08-3A39-4F6B-A5AA-6BEF9254F688}.Release|x64.Build.0 = Release|x64
		{32589D08-3A39-4F6B-A5AA-6BEF9254F688}.Release|x86.ActiveCfg = Release|Win32
		{32589D08-3A39-4F6B-A5AA-6BEF9254F688}.Release|x86.Build.0 = Release|Win32
		{D8E6105B-5D4F-4AE6-8BC8-5465E888EE24}.Debug|x64.ActiveCfg = Debug|x64
		{D8E6105B-5D4F-4AE6-8BC8-5465E888EE24}.Debug|x64.Build.0 = Debug|x64
		{D8E6105B-5D4F-4AE6-8BC8-5465E888EE24}.Debug|x86.ActiveCfg = Debug|Win32
		{D8E6105B-5D4F-4AE6-8BC8-5465E888EE24}.Debug|x86.Build.0 = Debug|Win32
		{D8E6105B-5D4F-4AE6-8BC8-5465E888EE24}.Release|x64.ActiveCfg = Release|x64
		{D8E6105B-5D4F-4AE6-8BC8-5465E888EE24}.Release|x64.Build.0 = Release|x64
		{D8E6105B-5D4F-4AE6-8BC8-5465E888EE24}.Release|x86.ActiveCfg = Release|Win32
		{D8E6105B-5D4F-4AE6-8BC8-5465E888EE24}.Release|x86.Build.0 = Release|Win32
		{BEF6F95C-30AC-46C9-B55B-1ABAE122835A}.Debug|x64.ActiveCfg = Debug|x64
		{BEF6F95C-30AC-46C9-B55B-1ABAE122835A}.Debug|x64.Build.0 = Debug|x64
		{BEF6F95C-30AC-46C9-B55B-1ABAE122835A}.Debug|x86.ActiveCfg = Debug|Win32
		{BEF6F95C-30AC-46C9-B55B-1ABAE122835A}.Debug|x86.Build.0 = Debug|Win32
		{BEF6F95C-30AC-46C9-B55B-1ABAE122835A}.Release|x64.ActiveCfg = Release|x64
		{BEF6F95C-30AC-46C9-B55B-1ABAE122835A}.Release|x64.Build.0 = Release|x64
		{BEF6F95C-30AC-46C9-B55B-1ABAE122835A}.Release|x86.ActiveCfg = Release|Win32
		{BEF6F95C-30AC-46C9-B55B-1ABAE122835A}.Release|x86.Build.0 = Release|Win32
		{59FB7844-8125-4FA9-BA6D-5D4754E50B61}.Debug|x64.ActiveCfg = Debug|x64
		{59FB7844-8125-4FA9-BA6D-5D4754E50B61}.Debug|x64.Build.0 = Debug|x64
		{59FB7844-8125-4FA9-BA6D-5D4754E50B61}.Debug|x86.ActiveCfg = Debug|Win32
		{59FB7844-8125-4FA9-BA6D-5D4754E50B61}.Debug|x86.Build.0 = Debug|Win32
		{59FB7844-8125-4FA9-BA6D-5D4754E50B61}.Release|x64.ActiveCfg = Release|x64
		{59FB7844-8125-4FA9-BA6D-5D4754E50B61}.Release|x64.Build.0 = Release|x64
		{59FB7844-8125-4FA9-BA6D-5D4754E50B61}.Release|x86.ActiveCfg = Release|Win32
		{59FB7844-8125-4FA9-BA6D-5D4754E50B61}.Release|x86.Build.0 = Release|Win32
	EndGlobalSection
	GlobalSection(SolutionProperties) = preSolution
		HideSolutionNode = FALSE
	EndGlobalSection
	GlobalSection(ExtensibilityGlobals) = postSolution
		SolutionGuid = {2B02A6D8-1581-42AF-82C7-6739C9B140C7}
	EndGlobalSection
EndGlobal
