
Microsoft Visual Studio Solution File, Format Version 11.00
# Visual Studio 2010
Project("{8BC9CEB8-8B4A-11D0-8D11-00A0C91BC942}") = "DX11_3rd_Person_Camera", "DX11_3rd_Person_Camera\DX11_3rd_Person_Camera.vcxproj", "{F0BB96F3-3774-4CDC-BC76-AD537C76F0AD}"
EndProject
Global
	GlobalSection(SolutionConfigurationPlatforms) = preSolution
		Debug|Win32 = Debug|Win32
		Release|Win32 = Release|Win32
	EndGlobalSection
	GlobalSection(ProjectConfigurationPlatforms) = postSolution
		{F0BB96F3-3774-4CDC-BC76-AD537C76F0AD}.Debug|Win32.ActiveCfg = Debug|Win32
		{F0BB96F3-3774-4CDC-BC76-AD537C76F0AD}.Debug|Win32.Build.0 = Debug|Win32
		{F0BB96F3-3774-4CDC-BC76-AD537C76F0AD}.Release|Win32.ActiveCfg = Release|Win32
		{F0BB96F3-3774-4CDC-BC76-AD537C76F0AD}.Release|Win32.Build.0 = Release|Win32
	EndGlobalSection
	GlobalSection(SolutionProperties) = preSolution
		HideSolutionNode = FALSE
	EndGlobalSection
EndGlobal
